{
  "object": {
    "pins": [
      {
        "package": "IOSInspector",
        "repositoryURL": "/Users/paker/Projetos/Inspector/Inspector",
        "state": {
          "branch": "spm",
          "revision": "4843a0fe2026e89529ecc830c1fbb84f46414b21",
          "version": null
        }
      }
    ]
  },
  "version": 1
}
