// !$*UTF8*$!
{
	archiveVersion = 1;
	classes = {
	};
	objectVersion = 51;
	objects = {

/* Begin PBXBuildFile section */
		2AEE959994C19A40FC1C32AA /* Pods_Inspector.framework in Frameworks */ = {isa = PBXBuildFile; fileRef = 8DBA2507A0A176526438EB33 /* Pods_Inspector.framework */; };
		3405AB622377584C002FA13A /* base64.cpp in Sources */ = {isa = PBXBuildFile; fileRef = 3405AB582377584B002FA13A /* base64.cpp */; };
		3405AB632377584C002FA13A /* sha1.cpp in Sources */ = {isa = PBXBuildFile; fileRef = 3405AB5B2377584C002FA13A /* sha1.cpp */; };
		3405AB652377584C002FA13A /* picohttpparser.c in Sources */ = {isa = PBXBuildFile; fileRef = 3405AB602377584C002FA13A /* picohttpparser.c */; };
		3405AB6723775885002FA13A /* Http.swift in Sources */ = {isa = PBXBuildFile; fileRef = 3405AB6623775885002FA13A /* Http.swift */; };
		3405AB6B237794B4002FA13A /* Http.swift in Sources */ = {isa = PBXBuildFile; fileRef = 3405AB6623775885002FA13A /* Http.swift */; };
		3405AB6E2377A1EC002FA13A /* NetworkPlugin.cpp in Sources */ = {isa = PBXBuildFile; fileRef = 3405AB6C2377A1EC002FA13A /* NetworkPlugin.cpp */; };
		34232AF42374C06000E45BCA /* libz.tbd in Frameworks */ = {isa = PBXBuildFile; fileRef = 34232AF32374C03E00E45BCA /* libz.tbd */; };
		3436339D2367F8DB002DB8BF /* IOSInspector.mm in Sources */ = {isa = PBXBuildFile; fileRef = 3436339C2367F8DA002DB8BF /* IOSInspector.mm */; };
		344AFA15236A857D007B2896 /* AppDelegate.swift in Sources */ = {isa = PBXBuildFile; fileRef = 344C1C0E2367E64C00B62594 /* AppDelegate.swift */; };
		344C1C0F2367E64C00B62594 /* AppDelegate.swift in Sources */ = {isa = PBXBuildFile; fileRef = 344C1C0E2367E64C00B62594 /* AppDelegate.swift */; };
		344C1C362367E6D100B62594 /* Database.cpp in Sources */ = {isa = PBXBuildFile; fileRef = 344C1C292367E6D000B62594 /* Database.cpp */; };
		344C1C372367E6D100B62594 /* Inspector.cpp in Sources */ = {isa = PBXBuildFile; fileRef = 344C1C2A2367E6D000B62594 /* Inspector.cpp */; };
		344C1C382367E6D100B62594 /* Socket.cpp in Sources */ = {isa = PBXBuildFile; fileRef = 344C1C2D2367E6D000B62594 /* Socket.cpp */; };
		344C1C392367E6D100B62594 /* util.cpp in Sources */ = {isa = PBXBuildFile; fileRef = 344C1C2F2367E6D000B62594 /* util.cpp */; };
		344C1C3C2367E6D100B62594 /* HttpServer.cpp in Sources */ = {isa = PBXBuildFile; fileRef = 344C1C332367E6D000B62594 /* HttpServer.cpp */; };
		657FEFFEB9C578D7E05EEB11 /* DatabasePlugin.cpp in Sources */ = {isa = PBXBuildFile; fileRef = 657FE7265DB0ABE839354EDE /* DatabasePlugin.cpp */; };
		B3D63DCAC9BC2984740C724A /* Pods_Inspector_pod.framework in Frameworks */ = {isa = PBXBuildFile; fileRef = AF6E007F7005D4507CED6AC2 /* Pods_Inspector_pod.framework */; };
/* End PBXBuildFile section */

/* Begin PBXFileReference section */
		04D00EA7C5B28B5EB7DB4359 /* Pods-Inspector-pod.debug.xcconfig */ = {isa = PBXFileReference; includeInIndex = 1; lastKnownFileType = text.xcconfig; name = "Pods-Inspector-pod.debug.xcconfig"; path = "Target Support Files/Pods-Inspector-pod/Pods-Inspector-pod.debug.xcconfig"; sourceTree = "<group>"; };
		3405AB582377584B002FA13A /* base64.cpp */ = {isa = PBXFileReference; fileEncoding = 4; lastKnownFileType = sourcecode.cpp.cpp; path = base64.cpp; sourceTree = "<group>"; };
		3405AB592377584B002FA13A /* sqlite3.h */ = {isa = PBXFileReference; fileEncoding = 4; lastKnownFileType = sourcecode.c.h; path = sqlite3.h; sourceTree = "<group>"; };
		3405AB5A2377584C002FA13A /* json.hpp */ = {isa = PBXFileReference; fileEncoding = 4; lastKnownFileType = sourcecode.cpp.h; path = json.hpp; sourceTree = "<group>"; };
		3405AB5B2377584C002FA13A /* sha1.cpp */ = {isa = PBXFileReference; fileEncoding = 4; lastKnownFileType = sourcecode.cpp.cpp; path = sha1.cpp; sourceTree = "<group>"; };
		3405AB5D2377584C002FA13A /* compress.hpp */ = {isa = PBXFileReference; fileEncoding = 4; lastKnownFileType = sourcecode.cpp.h; path = compress.hpp; sourceTree = "<group>"; };
		3405AB5E2377584C002FA13A /* picohttpparser.h */ = {isa = PBXFileReference; fileEncoding = 4; lastKnownFileType = sourcecode.c.h; path = picohttpparser.h; sourceTree = "<group>"; };
		3405AB5F2377584C002FA13A /* sha1.h */ = {isa = PBXFileReference; fileEncoding = 4; lastKnownFileType = sourcecode.c.h; path = sha1.h; sourceTree = "<group>"; };
		3405AB602377584C002FA13A /* picohttpparser.c */ = {isa = PBXFileReference; fileEncoding = 4; lastKnownFileType = sourcecode.c.c; path = picohttpparser.c; sourceTree = "<group>"; };
		3405AB612377584C002FA13A /* base64.h */ = {isa = PBXFileReference; fileEncoding = 4; lastKnownFileType = sourcecode.c.h; path = base64.h; sourceTree = "<group>"; };
		3405AB6623775885002FA13A /* Http.swift */ = {isa = PBXFileReference; fileEncoding = 4; lastKnownFileType = sourcecode.swift; path = Http.swift; sourceTree = "<group>"; };
		3405AB6C2377A1EC002FA13A /* NetworkPlugin.cpp */ = {isa = PBXFileReference; fileEncoding = 4; lastKnownFileType = sourcecode.cpp.cpp; path = NetworkPlugin.cpp; sourceTree = "<group>"; };
		3405AB6D2377A1EC002FA13A /* NetworkPlugin.h */ = {isa = PBXFileReference; fileEncoding = 4; lastKnownFileType = sourcecode.c.h; path = NetworkPlugin.h; sourceTree = "<group>"; };
		34232AF32374C03E00E45BCA /* libz.tbd */ = {isa = PBXFileReference; lastKnownFileType = "sourcecode.text-based-dylib-definition"; name = libz.tbd; path = usr/lib/libz.tbd; sourceTree = SDKROOT; };
		3436339B2367F8DA002DB8BF /* IOSInspector.h */ = {isa = PBXFileReference; lastKnownFileType = sourcecode.c.h; path = IOSInspector.h; sourceTree = "<group>"; };
		3436339C2367F8DA002DB8BF /* IOSInspector.mm */ = {isa = PBXFileReference; lastKnownFileType = sourcecode.cpp.objcpp; path = IOSInspector.mm; sourceTree = "<group>"; };
		344AFA20236A857D007B2896 /* Inspector-pod.app */ = {isa = PBXFileReference; explicitFileType = wrapper.application; includeInIndex = 0; path = "Inspector-pod.app"; sourceTree = BUILT_PRODUCTS_DIR; };
		344C1C0B2367E64C00B62594 /* Inspector.app */ = {isa = PBXFileReference; explicitFileType = wrapper.application; includeInIndex = 0; path = Inspector.app; sourceTree = BUILT_PRODUCTS_DIR; };
		344C1C0E2367E64C00B62594 /* AppDelegate.swift */ = {isa = PBXFileReference; lastKnownFileType = sourcecode.swift; path = AppDelegate.swift; sourceTree = "<group>"; };
		344C1C1C2367E64F00B62594 /* Info.plist */ = {isa = PBXFileReference; lastKnownFileType = text.plist.xml; path = Info.plist; sourceTree = "<group>"; };
		344C1C242367E6CF00B62594 /* Inspector-Bridging-Header.h */ = {isa = PBXFileReference; lastKnownFileType = sourcecode.c.h; path = "Inspector-Bridging-Header.h"; sourceTree = "<group>"; };
		344C1C252367E6D000B62594 /* util.h */ = {isa = PBXFileReference; fileEncoding = 4; lastKnownFileType = sourcecode.c.h; path = util.h; sourceTree = "<group>"; };
		344C1C272367E6D000B62594 /* Database.h */ = {isa = PBXFileReference; fileEncoding = 4; lastKnownFileType = sourcecode.c.h; path = Database.h; sourceTree = "<group>"; };
		344C1C292367E6D000B62594 /* Database.cpp */ = {isa = PBXFileReference; fileEncoding = 4; lastKnownFileType = sourcecode.cpp.cpp; path = Database.cpp; sourceTree = "<group>"; };
		344C1C2A2367E6D000B62594 /* Inspector.cpp */ = {isa = PBXFileReference; fileEncoding = 4; lastKnownFileType = sourcecode.cpp.cpp; path = Inspector.cpp; sourceTree = "<group>"; };
		344C1C2B2367E6D000B62594 /* Inspector.h */ = {isa = PBXFileReference; fileEncoding = 4; lastKnownFileType = sourcecode.c.h; path = Inspector.h; sourceTree = "<group>"; };
		344C1C2D2367E6D000B62594 /* Socket.cpp */ = {isa = PBXFileReference; fileEncoding = 4; lastKnownFileType = sourcecode.cpp.cpp; path = Socket.cpp; sourceTree = "<group>"; };
		344C1C2E2367E6D000B62594 /* Socket.h */ = {isa = PBXFileReference; fileEncoding = 4; lastKnownFileType = sourcecode.c.h; path = Socket.h; sourceTree = "<group>"; };
		344C1C2F2367E6D000B62594 /* util.cpp */ = {isa = PBXFileReference; fileEncoding = 4; lastKnownFileType = sourcecode.cpp.cpp; path = util.cpp; sourceTree = "<group>"; };
		344C1C332367E6D000B62594 /* HttpServer.cpp */ = {isa = PBXFileReference; fileEncoding = 4; lastKnownFileType = sourcecode.cpp.cpp; path = HttpServer.cpp; sourceTree = "<group>"; };
		344C1C342367E6D000B62594 /* HttpServer.h */ = {isa = PBXFileReference; fileEncoding = 4; lastKnownFileType = sourcecode.c.h; path = HttpServer.h; sourceTree = "<group>"; };
		657FE7265DB0ABE839354EDE /* DatabasePlugin.cpp */ = {isa = PBXFileReference; fileEncoding = 4; lastKnownFileType = sourcecode.cpp.cpp; path = DatabasePlugin.cpp; sourceTree = "<group>"; };
		657FEFA39983E8F73462861B /* DatabasePlugin.h */ = {isa = PBXFileReference; fileEncoding = 4; lastKnownFileType = sourcecode.c.h; path = DatabasePlugin.h; sourceTree = "<group>"; };
		844F3BE5E9B4686C70407E17 /* Pods-Inspector.release.xcconfig */ = {isa = PBXFileReference; includeInIndex = 1; lastKnownFileType = text.xcconfig; name = "Pods-Inspector.release.xcconfig"; path = "Target Support Files/Pods-Inspector/Pods-Inspector.release.xcconfig"; sourceTree = "<group>"; };
		8DBA2507A0A176526438EB33 /* Pods_Inspector.framework */ = {isa = PBXFileReference; explicitFileType = wrapper.framework; includeInIndex = 0; path = Pods_Inspector.framework; sourceTree = BUILT_PRODUCTS_DIR; };
		AF6E007F7005D4507CED6AC2 /* Pods_Inspector_pod.framework */ = {isa = PBXFileReference; explicitFileType = wrapper.framework; includeInIndex = 0; path = Pods_Inspector_pod.framework; sourceTree = BUILT_PRODUCTS_DIR; };
		B6923CB392657D3770C01703 /* Pods-Inspector.debug.xcconfig */ = {isa = PBXFileReference; includeInIndex = 1; lastKnownFileType = text.xcconfig; name = "Pods-Inspector.debug.xcconfig"; path = "Target Support Files/Pods-Inspector/Pods-Inspector.debug.xcconfig"; sourceTree = "<group>"; };
		DB916D3A6E878B19C23BC956 /* Pods-Inspector-pod.release.xcconfig */ = {isa = PBXFileReference; includeInIndex = 1; lastKnownFileType = text.xcconfig; name = "Pods-Inspector-pod.release.xcconfig"; path = "Target Support Files/Pods-Inspector-pod/Pods-Inspector-pod.release.xcconfig"; sourceTree = "<group>"; };
/* End PBXFileReference section */

/* Begin PBXFrameworksBuildPhase section */
		344AFA1B236A857D007B2896 /* Frameworks */ = {
			isa = PBXFrameworksBuildPhase;
			buildActionMask = 2147483647;
			files = (
				B3D63DCAC9BC2984740C724A /* Pods_Inspector_pod.framework in Frameworks */,
			);
			runOnlyForDeploymentPostprocessing = 0;
		};
		344C1C082367E64C00B62594 /* Frameworks */ = {
			isa = PBXFrameworksBuildPhase;
			buildActionMask = 2147483647;
			files = (
				34232AF42374C06000E45BCA /* libz.tbd in Frameworks */,
				2AEE959994C19A40FC1C32AA /* Pods_Inspector.framework in Frameworks */,
			);
			runOnlyForDeploymentPostprocessing = 0;
		};
/* End PBXFrameworksBuildPhase section */

/* Begin PBXGroup section */
		276D061E04DD3922632455E4 /* Pods */ = {
			isa = PBXGroup;
			children = (
				04D00EA7C5B28B5EB7DB4359 /* Pods-Inspector-pod.debug.xcconfig */,
				DB916D3A6E878B19C23BC956 /* Pods-Inspector-pod.release.xcconfig */,
				B6923CB392657D3770C01703 /* Pods-Inspector.debug.xcconfig */,
				844F3BE5E9B4686C70407E17 /* Pods-Inspector.release.xcconfig */,
			);
			path = Pods;
			sourceTree = "<group>";
		};
		3436336B2367F087002DB8BF /* Frameworks */ = {
			isa = PBXGroup;
			children = (
				34232AF32374C03E00E45BCA /* libz.tbd */,
				AF6E007F7005D4507CED6AC2 /* Pods_Inspector_pod.framework */,
				8DBA2507A0A176526438EB33 /* Pods_Inspector.framework */,
			);
			name = Frameworks;
			sourceTree = "<group>";
		};
		344C1C022367E64C00B62594 = {
			isa = PBXGroup;
			children = (
				344C1C232367E6B100B62594 /* lib */,
				344C1C0D2367E64C00B62594 /* Inspector */,
				344C1C0C2367E64C00B62594 /* Products */,
				3436336B2367F087002DB8BF /* Frameworks */,
				276D061E04DD3922632455E4 /* Pods */,
			);
			sourceTree = "<group>";
		};
		344C1C0C2367E64C00B62594 /* Products */ = {
			isa = PBXGroup;
			children = (
				344C1C0B2367E64C00B62594 /* Inspector.app */,
				344AFA20236A857D007B2896 /* Inspector-pod.app */,
			);
			name = Products;
			sourceTree = "<group>";
		};
		344C1C0D2367E64C00B62594 /* Inspector */ = {
			isa = PBXGroup;
			children = (
				3405AB6623775885002FA13A /* Http.swift */,
				3436339B2367F8DA002DB8BF /* IOSInspector.h */,
				3436339C2367F8DA002DB8BF /* IOSInspector.mm */,
				344C1C242367E6CF00B62594 /* Inspector-Bridging-Header.h */,
				344C1C0E2367E64C00B62594 /* AppDelegate.swift */,
				344C1C1C2367E64F00B62594 /* Info.plist */,
			);
			path = Inspector;
			sourceTree = "<group>";
		};
		344C1C232367E6B100B62594 /* lib */ = {
			isa = PBXGroup;
			children = (
				3405AB6C2377A1EC002FA13A /* NetworkPlugin.cpp */,
				3405AB6D2377A1EC002FA13A /* NetworkPlugin.h */,
				344C1C292367E6D000B62594 /* Database.cpp */,
				657FE7265DB0ABE839354EDE /* DatabasePlugin.cpp */,
				344C1C332367E6D000B62594 /* HttpServer.cpp */,
				344C1C2A2367E6D000B62594 /* Inspector.cpp */,
				344C1C2D2367E6D000B62594 /* Socket.cpp */,
				344C1C2F2367E6D000B62594 /* util.cpp */,
				344C1C272367E6D000B62594 /* Database.h */,
				657FEFA39983E8F73462861B /* DatabasePlugin.h */,
				344C1C342367E6D000B62594 /* HttpServer.h */,
				344C1C2B2367E6D000B62594 /* Inspector.h */,
				344C1C2E2367E6D000B62594 /* Socket.h */,
				344C1C252367E6D000B62594 /* util.h */,
				657FE5492190C5D1D11F3C51 /* libs */,
			);
			name = lib;
			path = ../cpp/src;
			sourceTree = "<group>";
		};
		657FE5492190C5D1D11F3C51 /* libs */ = {
			isa = PBXGroup;
			children = (
				3405AB582377584B002FA13A /* base64.cpp */,
				3405AB612377584C002FA13A /* base64.h */,
				3405AB5D2377584C002FA13A /* compress.hpp */,
				3405AB5A2377584C002FA13A /* json.hpp */,
				3405AB602377584C002FA13A /* picohttpparser.c */,
				3405AB5E2377584C002FA13A /* picohttpparser.h */,
				3405AB5B2377584C002FA13A /* sha1.cpp */,
				3405AB5F2377584C002FA13A /* sha1.h */,
				3405AB592377584B002FA13A /* sqlite3.h */,
			);
			path = libs;
			sourceTree = "<group>";
		};
/* End PBXGroup section */

/* Begin PBXNativeTarget section */
		344AFA0F236A857D007B2896 /* Inspector-pod */ = {
			isa = PBXNativeTarget;
			buildConfigurationList = 344AFA1D236A857D007B2896 /* Build configuration list for PBXNativeTarget "Inspector-pod" */;
			buildPhases = (
				6728893C9DC2C23C2A9AAF36 /* [CP] Check Pods Manifest.lock */,
				344AFA10236A857D007B2896 /* Sources */,
				344AFA1B236A857D007B2896 /* Frameworks */,
				344AFA1C236A857D007B2896 /* Resources */,
				D0D59D77008E1BADDD55641F /* [CP] Embed Pods Frameworks */,
			);
			buildRules = (
			);
			dependencies = (
			);
			name = "Inspector-pod";
			productName = Inspector;
			productReference = 344AFA20236A857D007B2896 /* Inspector-pod.app */;
			productType = "com.apple.product-type.application";
		};
		344C1C0A2367E64C00B62594 /* Inspector */ = {
			isa = PBXNativeTarget;
			buildConfigurationList = 344C1C1F2367E64F00B62594 /* Build configuration list for PBXNativeTarget "Inspector" */;
			buildPhases = (
				C63E7381D88B7BEC6F5AC5CC /* [CP] Check Pods Manifest.lock */,
				344C1C072367E64C00B62594 /* Sources */,
				344C1C082367E64C00B62594 /* Frameworks */,
				344C1C092367E64C00B62594 /* Resources */,
				933B83DE0EA2012A7F4D3CED /* [CP] Embed Pods Frameworks */,
			);
			buildRules = (
			);
			dependencies = (
			);
			name = Inspector;
			productName = Inspector;
			productReference = 344C1C0B2367E64C00B62594 /* Inspector.app */;
			productType = "com.apple.product-type.application";
		};
/* End PBXNativeTarget section */

/* Begin PBXProject section */
		344C1C032367E64C00B62594 /* Project object */ = {
			isa = PBXProject;
			attributes = {
				LastSwiftUpdateCheck = 1110;
				LastUpgradeCheck = 1110;
				ORGANIZATIONNAME = NewM;
				TargetAttributes = {
					344C1C0A2367E64C00B62594 = {
						CreatedOnToolsVersion = 11.1;
						LastSwiftMigration = 1110;
					};
				};
			};
			buildConfigurationList = 344C1C062367E64C00B62594 /* Build configuration list for PBXProject "Inspector" */;
			compatibilityVersion = "Xcode 9.3";
			developmentRegion = en;
			hasScannedForEncodings = 0;
			knownRegions = (
				en,
				Base,
			);
			mainGroup = 344C1C022367E64C00B62594;
			productRefGroup = 344C1C0C2367E64C00B62594 /* Products */;
			projectDirPath = "";
			projectRoot = "";
			targets = (
				344C1C0A2367E64C00B62594 /* Inspector */,
				344AFA0F236A857D007B2896 /* Inspector-pod */,
			);
		};
/* End PBXProject section */

/* Begin PBXResourcesBuildPhase section */
		344AFA1C236A857D007B2896 /* Resources */ = {
			isa = PBXResourcesBuildPhase;
			buildActionMask = 2147483647;
			files = (
			);
			runOnlyForDeploymentPostprocessing = 0;
		};
		344C1C092367E64C00B62594 /* Resources */ = {
			isa = PBXResourcesBuildPhase;
			buildActionMask = 2147483647;
			files = (
			);
			runOnlyForDeploymentPostprocessing = 0;
		};
/* End PBXResourcesBuildPhase section */

/* Begin PBXShellScriptBuildPhase section */
		6728893C9DC2C23C2A9AAF36 /* [CP] Check Pods Manifest.lock */ = {
			isa = PBXShellScriptBuildPhase;
			buildActionMask = 2147483647;
			files = (
			);
			inputFileListPaths = (
			);
			inputPaths = (
				"${PODS_PODFILE_DIR_PATH}/Podfile.lock",
				"${PODS_ROOT}/Manifest.lock",
			);
			name = "[CP] Check Pods Manifest.lock";
			outputFileListPaths = (
			);
			outputPaths = (
				"$(DERIVED_FILE_DIR)/Pods-Inspector-pod-checkManifestLockResult.txt",
			);
			runOnlyForDeploymentPostprocessing = 0;
			shellPath = /bin/sh;
			shellScript = "diff \"${PODS_PODFILE_DIR_PATH}/Podfile.lock\" \"${PODS_ROOT}/Manifest.lock\" > /dev/null\nif [ $? != 0 ] ; then\n    # print error to STDERR\n    echo \"error: The sandbox is not in sync with the Podfile.lock. Run 'pod install' or update your CocoaPods installation.\" >&2\n    exit 1\nfi\n# This output is used by Xcode 'outputs' to avoid re-running this script phase.\necho \"SUCCESS\" > \"${SCRIPT_OUTPUT_FILE_0}\"\n";
			showEnvVarsInLog = 0;
		};
		933B83DE0EA2012A7F4D3CED /* [CP] Embed Pods Frameworks */ = {
			isa = PBXShellScriptBuildPhase;
			buildActionMask = 2147483647;
			files = (
			);
			inputFileListPaths = (
				"${PODS_ROOT}/Target Support Files/Pods-Inspector/Pods-Inspector-frameworks-${CONFIGURATION}-input-files.xcfilelist",
			);
			name = "[CP] Embed Pods Frameworks";
			outputFileListPaths = (
				"${PODS_ROOT}/Target Support Files/Pods-Inspector/Pods-Inspector-frameworks-${CONFIGURATION}-output-files.xcfilelist",
			);
			runOnlyForDeploymentPostprocessing = 0;
			shellPath = /bin/sh;
			shellScript = "\"${PODS_ROOT}/Target Support Files/Pods-Inspector/Pods-Inspector-frameworks.sh\"\n";
			showEnvVarsInLog = 0;
		};
		C63E7381D88B7BEC6F5AC5CC /* [CP] Check Pods Manifest.lock */ = {
			isa = PBXShellScriptBuildPhase;
			buildActionMask = 2147483647;
			files = (
			);
			inputFileListPaths = (
			);
			inputPaths = (
				"${PODS_PODFILE_DIR_PATH}/Podfile.lock",
				"${PODS_ROOT}/Manifest.lock",
			);
			name = "[CP] Check Pods Manifest.lock";
			outputFileListPaths = (
			);
			outputPaths = (
				"$(DERIVED_FILE_DIR)/Pods-Inspector-checkManifestLockResult.txt",
			);
			runOnlyForDeploymentPostprocessing = 0;
			shellPath = /bin/sh;
			shellScript = "diff \"${PODS_PODFILE_DIR_PATH}/Podfile.lock\" \"${PODS_ROOT}/Manifest.lock\" > /dev/null\nif [ $? != 0 ] ; then\n    # print error to STDERR\n    echo \"error: The sandbox is not in sync with the Podfile.lock. Run 'pod install' or update your CocoaPods installation.\" >&2\n    exit 1\nfi\n# This output is used by Xcode 'outputs' to avoid re-running this script phase.\necho \"SUCCESS\" > \"${SCRIPT_OUTPUT_FILE_0}\"\n";
			showEnvVarsInLog = 0;
		};
		D0D59D77008E1BADDD55641F /* [CP] Embed Pods Frameworks */ = {
			isa = PBXShellScriptBuildPhase;
			buildActionMask = 2147483647;
			files = (
			);
			inputFileListPaths = (
				"${PODS_ROOT}/Target Support Files/Pods-Inspector-pod/Pods-Inspector-pod-frameworks-${CONFIGURATION}-input-files.xcfilelist",
			);
			name = "[CP] Embed Pods Frameworks";
			outputFileListPaths = (
				"${PODS_ROOT}/Target Support Files/Pods-Inspector-pod/Pods-Inspector-pod-frameworks-${CONFIGURATION}-output-files.xcfilelist",
			);
			runOnlyForDeploymentPostprocessing = 0;
			shellPath = /bin/sh;
			shellScript = "\"${PODS_ROOT}/Target Support Files/Pods-Inspector-pod/Pods-Inspector-pod-frameworks.sh\"\n";
			showEnvVarsInLog = 0;
		};
/* End PBXShellScriptBuildPhase section */

/* Begin PBXSourcesBuildPhase section */
		344AFA10236A857D007B2896 /* Sources */ = {
			isa = PBXSourcesBuildPhase;
			buildActionMask = 2147483647;
			files = (
				344AFA15236A857D007B2896 /* AppDelegate.swift in Sources */,
				3405AB6B237794B4002FA13A /* Http.swift in Sources */,
			);
			runOnlyForDeploymentPostprocessing = 0;
		};
		344C1C072367E64C00B62594 /* Sources */ = {
			isa = PBXSourcesBuildPhase;
			buildActionMask = 2147483647;
			files = (
				344C1C382367E6D100B62594 /* Socket.cpp in Sources */,
				3405AB6723775885002FA13A /* Http.swift in Sources */,
				344C1C3C2367E6D100B62594 /* HttpServer.cpp in Sources */,
				344C1C372367E6D100B62594 /* Inspector.cpp in Sources */,
				344C1C0F2367E64C00B62594 /* AppDelegate.swift in Sources */,
				3436339D2367F8DB002DB8BF /* IOSInspector.mm in Sources */,
				3405AB622377584C002FA13A /* base64.cpp in Sources */,
				344C1C362367E6D100B62594 /* Database.cpp in Sources */,
				344C1C392367E6D100B62594 /* util.cpp in Sources */,
				3405AB632377584C002FA13A /* sha1.cpp in Sources */,
				3405AB652377584C002FA13A /* picohttpparser.c in Sources */,
				3405AB6E2377A1EC002FA13A /* NetworkPlugin.cpp in Sources */,
				657FEFFEB9C578D7E05EEB11 /* DatabasePlugin.cpp in Sources */,
			);
			runOnlyForDeploymentPostprocessing = 0;
		};
/* End PBXSourcesBuildPhase section */

/* Begin XCBuildConfiguration section */
		344AFA1E236A857D007B2896 /* Debug */ = {
			isa = XCBuildConfiguration;
			baseConfigurationReference = 04D00EA7C5B28B5EB7DB4359 /* Pods-Inspector-pod.debug.xcconfig */;
			buildSettings = {
				CLANG_CXX_LANGUAGE_STANDARD = "c++0x";
				CLANG_CXX_LIBRARY = "libc++";
				CLANG_ENABLE_MODULES = YES;
				CODE_SIGN_STYLE = Automatic;
				GCC_C_LANGUAGE_STANDARD = c11;
				LD_RUNPATH_SEARCH_PATHS = (
					"$(inherited)",
					"@executable_path/Frameworks",
				);
				PRODUCT_NAME = "$(TARGET_NAME)";
				SWIFT_OBJC_BRIDGING_HEADER = "$(SRCROOT)/Inspector/Inspector-Bridging-Header.h";
				SWIFT_OPTIMIZATION_LEVEL = "-Onone";
				SWIFT_VERSION = 5.0;
			};
			name = Debug;
		};
		344AFA1F236A857D007B2896 /* Release */ = {
			isa = XCBuildConfiguration;
			baseConfigurationReference = DB916D3A6E878B19C23BC956 /* Pods-Inspector-pod.release.xcconfig */;
			buildSettings = {
				CLANG_CXX_LANGUAGE_STANDARD = "c++0x";
				CLANG_CXX_LIBRARY = "libc++";
				CLANG_ENABLE_MODULES = YES;
				CODE_SIGN_STYLE = Automatic;
				GCC_C_LANGUAGE_STANDARD = c11;
				LD_RUNPATH_SEARCH_PATHS = (
					"$(inherited)",
					"@executable_path/Frameworks",
				);
				PRODUCT_NAME = "$(TARGET_NAME)";
				SWIFT_OBJC_BRIDGING_HEADER = "$(SRCROOT)/Inspector/Inspector-Bridging-Header.h";
				SWIFT_VERSION = 5.0;
			};
			name = Release;
		};
		344C1C1D2367E64F00B62594 /* Debug */ = {
			isa = XCBuildConfiguration;
			buildSettings = {
				ALWAYS_SEARCH_USER_PATHS = NO;
				CLANG_ANALYZER_NONNULL = YES;
				CLANG_ANALYZER_NUMBER_OBJECT_CONVERSION = YES_AGGRESSIVE;
				CLANG_ENABLE_MODULES = YES;
				CLANG_ENABLE_OBJC_ARC = YES;
				CLANG_ENABLE_OBJC_WEAK = YES;
				CLANG_WARN_BLOCK_CAPTURE_AUTORELEASING = YES;
				CLANG_WARN_BOOL_CONVERSION = YES;
				CLANG_WARN_COMMA = YES;
				CLANG_WARN_CONSTANT_CONVERSION = YES;
				CLANG_WARN_DEPRECATED_OBJC_IMPLEMENTATIONS = YES;
				CLANG_WARN_DIRECT_OBJC_ISA_USAGE = YES_ERROR;
				CLANG_WARN_DOCUMENTATION_COMMENTS = YES;
				CLANG_WARN_EMPTY_BODY = YES;
				CLANG_WARN_ENUM_CONVERSION = YES;
				CLANG_WARN_INFINITE_RECURSION = YES;
				CLANG_WARN_INT_CONVERSION = YES;
				CLANG_WARN_NON_LITERAL_NULL_CONVERSION = YES;
				CLANG_WARN_OBJC_IMPLICIT_RETAIN_SELF = YES;
				CLANG_WARN_OBJC_LITERAL_CONVERSION = YES;
				CLANG_WARN_OBJC_ROOT_CLASS = YES_ERROR;
				CLANG_WARN_RANGE_LOOP_ANALYSIS = YES;
				CLANG_WARN_STRICT_PROTOTYPES = YES;
				CLANG_WARN_SUSPICIOUS_MOVE = YES;
				CLANG_WARN_UNGUARDED_AVAILABILITY = YES_AGGRESSIVE;
				CLANG_WARN_UNREACHABLE_CODE = YES;
				CLANG_WARN__DUPLICATE_METHOD_MATCH = YES;
				COPY_PHASE_STRIP = NO;
				DEBUG_INFORMATION_FORMAT = dwarf;
				ENABLE_STRICT_OBJC_MSGSEND = YES;
				ENABLE_TESTABILITY = YES;
				GCC_DYNAMIC_NO_PIC = NO;
				GCC_NO_COMMON_BLOCKS = YES;
				GCC_OPTIMIZATION_LEVEL = 0;
				GCC_PREPROCESSOR_DEFINITIONS = (
					"DEBUG=1",
					"$(inherited)",
				);
				GCC_WARN_64_TO_32_BIT_CONVERSION = YES;
				GCC_WARN_ABOUT_RETURN_TYPE = YES_ERROR;
				GCC_WARN_UNDECLARED_SELECTOR = YES;
				GCC_WARN_UNINITIALIZED_AUTOS = YES_AGGRESSIVE;
				GCC_WARN_UNUSED_FUNCTION = YES;
				GCC_WARN_UNUSED_VARIABLE = YES;
				INFOPLIST_FILE = Inspector/Info.plist;
				IPHONEOS_DEPLOYMENT_TARGET = 13.1;
				MTL_ENABLE_DEBUG_INFO = INCLUDE_SOURCE;
				MTL_FAST_MATH = YES;
				ONLY_ACTIVE_ARCH = YES;
				PRODUCT_BUNDLE_IDENTIFIER = br.newm.Inspector;
				SDKROOT = iphoneos;
				SWIFT_ACTIVE_COMPILATION_CONDITIONS = DEBUG;
				SWIFT_OPTIMIZATION_LEVEL = "-Onone";
			};
			name = Debug;
		};
		344C1C1E2367E64F00B62594 /* Release */ = {
			isa = XCBuildConfiguration;
			buildSettings = {
				ALWAYS_SEARCH_USER_PATHS = NO;
				CLANG_ANALYZER_NONNULL = YES;
				CLANG_ANALYZER_NUMBER_OBJECT_CONVERSION = YES_AGGRESSIVE;
				CLANG_ENABLE_MODULES = YES;
				CLANG_ENABLE_OBJC_ARC = YES;
				CLANG_ENABLE_OBJC_WEAK = YES;
				CLANG_WARN_BLOCK_CAPTURE_AUTORELEASING = YES;
				CLANG_WARN_BOOL_CONVERSION = YES;
				CLANG_WARN_COMMA = YES;
				CLANG_WARN_CONSTANT_CONVERSION = YES;
				CLANG_WARN_DEPRECATED_OBJC_IMPLEMENTATIONS = YES;
				CLANG_WARN_DIRECT_OBJC_ISA_USAGE = YES_ERROR;
				CLANG_WARN_DOCUMENTATION_COMMENTS = YES;
				CLANG_WARN_EMPTY_BODY = YES;
				CLANG_WARN_ENUM_CONVERSION = YES;
				CLANG_WARN_INFINITE_RECURSION = YES;
				CLANG_WARN_INT_CONVERSION = YES;
				CLANG_WARN_NON_LITERAL_NULL_CONVERSION = YES;
				CLANG_WARN_OBJC_IMPLICIT_RETAIN_SELF = YES;
				CLANG_WARN_OBJC_LITERAL_CONVERSION = YES;
				CLANG_WARN_OBJC_ROOT_CLASS = YES_ERROR;
				CLANG_WARN_RANGE_LOOP_ANALYSIS = YES;
				CLANG_WARN_STRICT_PROTOTYPES = YES;
				CLANG_WARN_SUSPICIOUS_MOVE = YES;
				CLANG_WARN_UNGUARDED_AVAILABILITY = YES_AGGRESSIVE;
				CLANG_WARN_UNREACHABLE_CODE = YES;
				CLANG_WARN__DUPLICATE_METHOD_MATCH = YES;
				COPY_PHASE_STRIP = NO;
				DEBUG_INFORMATION_FORMAT = "dwarf-with-dsym";
				ENABLE_NS_ASSERTIONS = NO;
				ENABLE_STRICT_OBJC_MSGSEND = YES;
				GCC_NO_COMMON_BLOCKS = YES;
				GCC_WARN_64_TO_32_BIT_CONVERSION = YES;
				GCC_WARN_ABOUT_RETURN_TYPE = YES_ERROR;
				GCC_WARN_UNDECLARED_SELECTOR = YES;
				GCC_WARN_UNINITIALIZED_AUTOS = YES_AGGRESSIVE;
				GCC_WARN_UNUSED_FUNCTION = YES;
				GCC_WARN_UNUSED_VARIABLE = YES;
				INFOPLIST_FILE = Inspector/Info.plist;
				IPHONEOS_DEPLOYMENT_TARGET = 13.1;
				MTL_ENABLE_DEBUG_INFO = NO;
				MTL_FAST_MATH = YES;
				PRODUCT_BUNDLE_IDENTIFIER = br.newm.Inspector;
				SDKROOT = iphoneos;
				SWIFT_COMPILATION_MODE = wholemodule;
				SWIFT_OPTIMIZATION_LEVEL = "-O";
				VALIDATE_PRODUCT = YES;
			};
			name = Release;
		};
		344C1C202367E64F00B62594 /* Debug */ = {
			isa = XCBuildConfiguration;
			baseConfigurationReference = B6923CB392657D3770C01703 /* Pods-Inspector.debug.xcconfig */;
			buildSettings = {
				CLANG_CXX_LANGUAGE_STANDARD = "c++0x";
				CLANG_CXX_LIBRARY = "libc++";
				CLANG_ENABLE_MODULES = YES;
				CODE_SIGN_STYLE = Automatic;
				GCC_C_LANGUAGE_STANDARD = c11;
				LD_RUNPATH_SEARCH_PATHS = (
					"$(inherited)",
					"@executable_path/Frameworks",
				);
				PRODUCT_NAME = "$(TARGET_NAME)";
				SWIFT_OBJC_BRIDGING_HEADER = "$(SRCROOT)/Inspector/Inspector-Bridging-Header.h";
				SWIFT_OPTIMIZATION_LEVEL = "-Onone";
				SWIFT_VERSION = 5.0;
			};
			name = Debug;
		};
		344C1C212367E64F00B62594 /* Release */ = {
			isa = XCBuildConfiguration;
			baseConfigurationReference = 844F3BE5E9B4686C70407E17 /* Pods-Inspector.release.xcconfig */;
			buildSettings = {
				CLANG_CXX_LANGUAGE_STANDARD = "c++0x";
				CLANG_CXX_LIBRARY = "libc++";
				CLANG_ENABLE_MODULES = YES;
				CODE_SIGN_STYLE = Automatic;
				GCC_C_LANGUAGE_STANDARD = c11;
				LD_RUNPATH_SEARCH_PATHS = (
					"$(inherited)",
					"@executable_path/Frameworks",
				);
				PRODUCT_NAME = "$(TARGET_NAME)";
				SWIFT_OBJC_BRIDGING_HEADER = "$(SRCROOT)/Inspector/Inspector-Bridging-Header.h";
				SWIFT_VERSION = 5.0;
			};
			name = Release;
		};
/* End XCBuildConfiguration section */

/* Begin XCConfigurationList section */
		344AFA1D236A857D007B2896 /* Build configuration list for PBXNativeTarget "Inspector-pod" */ = {
			isa = XCConfigurationList;
			buildConfigurations = (
				344AFA1E236A857D007B2896 /* Debug */,
				344AFA1F236A857D007B2896 /* Release */,
			);
			defaultConfigurationIsVisible = 0;
			defaultConfigurationName = Release;
		};
		344C1C062367E64C00B62594 /* Build configuration list for PBXProject "Inspector" */ = {
			isa = XCConfigurationList;
			buildConfigurations = (
				344C1C1D2367E64F00B62594 /* Debug */,
				344C1C1E2367E64F00B62594 /* Release */,
			);
			defaultConfigurationIsVisible = 0;
			defaultConfigurationName = Release;
		};
		344C1C1F2367E64F00B62594 /* Build configuration list for PBXNativeTarget "Inspector" */ = {
			isa = XCConfigurationList;
			buildConfigurations = (
				344C1C202367E64F00B62594 /* Debug */,
				344C1C212367E64F00B62594 /* Release */,
			);
			defaultConfigurationIsVisible = 0;
			defaultConfigurationName = Release;
		};
/* End XCConfigurationList section */
	};
	rootObject = 344C1C032367E64C00B62594 /* Project object */;
}
