// !$*UTF8*$!
{
	archiveVersion = 1;
	classes = {
	};
	objectVersion = 60;
	objects = {

/* Begin PBXBuildFile section */
		34A3B2D626BF392F007BD9E0 /* AppDelegate.swift in Sources */ = {isa = PBXBuildFile; fileRef = 344C1C0E2367E64C00B62594 /* AppDelegate.swift */; };
		34A3B2D726BF3931007BD9E0 /* Http.swift in Sources */ = {isa = PBXBuildFile; fileRef = 3405AB6623775885002FA13A /* Http.swift */; };
		34A3B2D826BF393B007BD9E0 /* RealtimePlugin.swift in Sources */ = {isa = PBXBuildFile; fileRef = 343EE27F251F020500CDF0DD /* RealtimePlugin.swift */; };
		34A3B2D926BF393B007BD9E0 /* UserDefaultsPlugin.swift in Sources */ = {isa = PBXBuildFile; fileRef = 34595B4724EC460800ECB544 /* UserDefaultsPlugin.swift */; };
		34A3B2DA26BF393B007BD9E0 /* ExplorerPlugin.swift in Sources */ = {isa = PBXBuildFile; fileRef = 34595B4924EC468600ECB544 /* ExplorerPlugin.swift */; };
		34A3B2DB26BF3941007BD9E0 /* realtime.html in Resources */ = {isa = PBXBuildFile; fileRef = 343EE27B251F01DE00CDF0DD /* realtime.html */; };
		34A3B2DC26BF3941007BD9E0 /* explorer.html in Resources */ = {isa = PBXBuildFile; fileRef = 34595B4B24EC47AA00ECB544 /* explorer.html */; };
		34E51EFB2EE4A4630005F0FB /* IOSInspector in Frameworks */ = {isa = PBXBuildFile; productRef = 34E51EFA2EE4A4630005F0FB /* IOSInspector */; };
/* End PBXBuildFile section */

/* Begin PBXFileReference section */
		3405AB6623775885002FA13A /* Http.swift */ = {isa = PBXFileReference; fileEncoding = 4; lastKnownFileType = sourcecode.swift; path = Http.swift; sourceTree = "<group>"; };
		343EE27B251F01DE00CDF0DD /* realtime.html */ = {isa = PBXFileReference; fileEncoding = 4; lastKnownFileType = text.html; name = realtime.html; path = ../../../cpp/ext/realtime/realtime.html; sourceTree = "<group>"; };
		343EE27F251F020500CDF0DD /* RealtimePlugin.swift */ = {isa = PBXFileReference; lastKnownFileType = sourcecode.swift; path = RealtimePlugin.swift; sourceTree = "<group>"; };
		344C1C0E2367E64C00B62594 /* AppDelegate.swift */ = {isa = PBXFileReference; lastKnownFileType = sourcecode.swift; path = AppDelegate.swift; sourceTree = "<group>"; };
		344C1C1C2367E64F00B62594 /* Info.plist */ = {isa = PBXFileReference; lastKnownFileType = text.plist.xml; path = Info.plist; sourceTree = "<group>"; };
		34595B4724EC460800ECB544 /* UserDefaultsPlugin.swift */ = {isa = PBXFileReference; lastKnownFileType = sourcecode.swift; path = UserDefaultsPlugin.swift; sourceTree = "<group>"; };
		34595B4924EC468600ECB544 /* ExplorerPlugin.swift */ = {isa = PBXFileReference; lastKnownFileType = sourcecode.swift; path = ExplorerPlugin.swift; sourceTree = "<group>"; };
		34595B4B24EC47AA00ECB544 /* explorer.html */ = {isa = PBXFileReference; fileEncoding = 4; lastKnownFileType = text.html; name = explorer.html; path = ../../../cpp/ext/explorer/explorer.html; sourceTree = "<group>"; };
		34A3B2C226BF38A7007BD9E0 /* Inspector.app */ = {isa = PBXFileReference; explicitFileType = wrapper.application; includeInIndex = 0; path = Inspector.app; sourceTree = BUILT_PRODUCTS_DIR; };
/* End PBXFileReference section */

/* Begin PBXFrameworksBuildPhase section */
		34A3B2BF26BF38A7007BD9E0 /* Frameworks */ = {
			isa = PBXFrameworksBuildPhase;
			buildActionMask = 2147483647;
			files = (
				34E51EFB2EE4A4630005F0FB /* IOSInspector in Frameworks */,
			);
			runOnlyForDeploymentPostprocessing = 0;
		};
/* End PBXFrameworksBuildPhase section */

/* Begin PBXGroup section */
		344C1C022367E64C00B62594 = {
			isa = PBXGroup;
			children = (
				344C1C0D2367E64C00B62594 /* Inspector */,
				344C1C0C2367E64C00B62594 /* Products */,
			);
			sourceTree = "<group>";
		};
		344C1C0C2367E64C00B62594 /* Products */ = {
			isa = PBXGroup;
			children = (
				34A3B2C226BF38A7007BD9E0 /* Inspector.app */,
			);
			name = Products;
			sourceTree = "<group>";
		};
		344C1C0D2367E64C00B62594 /* Inspector */ = {
			isa = PBXGroup;
			children = (
				344C1C1C2367E64F00B62594 /* Info.plist */,
				344C1C0E2367E64C00B62594 /* AppDelegate.swift */,
				3405AB6623775885002FA13A /* Http.swift */,
				34595B4624EC45CA00ECB544 /* plugins */,
			);
			path = Inspector;
			sourceTree = "<group>";
		};
		34595B4624EC45CA00ECB544 /* plugins */ = {
			isa = PBXGroup;
			children = (
				343EE27B251F01DE00CDF0DD /* realtime.html */,
				34595B4B24EC47AA00ECB544 /* explorer.html */,
				34595B4724EC460800ECB544 /* UserDefaultsPlugin.swift */,
				34595B4924EC468600ECB544 /* ExplorerPlugin.swift */,
				343EE27F251F020500CDF0DD /* RealtimePlugin.swift */,
			);
			path = plugins;
			sourceTree = "<group>";
		};
/* End PBXGroup section */

/* Begin PBXNativeTarget section */
		34A3B2C126BF38A7007BD9E0 /* Inspector */ = {
			isa = PBXNativeTarget;
			buildConfigurationList = 34A3B2D326BF38A9007BD9E0 /* Build configuration list for PBXNativeTarget "Inspector" */;
			buildPhases = (
				34A3B2BE26BF38A7007BD9E0 /* Sources */,
				34A3B2BF26BF38A7007BD9E0 /* Frameworks */,
				34A3B2C026BF38A7007BD9E0 /* Resources */,
			);
			buildRules = (
			);
			dependencies = (
			);
			name = Inspector;
			packageProductDependencies = (
				34E51EFA2EE4A4630005F0FB /* IOSInspector */,
			);
			productName = "Inspector-spm";
			productReference = 34A3B2C226BF38A7007BD9E0 /* Inspector.app */;
			productType = "com.apple.product-type.application";
		};
/* End PBXNativeTarget section */

/* Begin PBXProject section */
		344C1C032367E64C00B62594 /* Project object */ = {
			isa = PBXProject;
			attributes = {
				BuildIndependentTargetsInParallel = YES;
				LastSwiftUpdateCheck = 1250;
				LastUpgradeCheck = 2610;
				ORGANIZATIONNAME = "";
				TargetAttributes = {
					34A3B2C126BF38A7007BD9E0 = {
						CreatedOnToolsVersion = 12.5.1;
					};
				};
			};
			buildConfigurationList = 344C1C062367E64C00B62594 /* Build configuration list for PBXProject "Inspector" */;
			compatibilityVersion = "Xcode 9.3";
			developmentRegion = en;
			hasScannedForEncodings = 0;
			knownRegions = (
				en,
				Base,
			);
			mainGroup = 344C1C022367E64C00B62594;
			packageReferences = (
				34E51EF72EE4A1250005F0FB /* XCLocalSwiftPackageReference "../../Inspector" */,
			);
			productRefGroup = 344C1C0C2367E64C00B62594 /* Products */;
			projectDirPath = "";
			projectRoot = "";
			targets = (
				34A3B2C126BF38A7007BD9E0 /* Inspector */,
			);
		};
/* End PBXProject section */

/* Begin PBXResourcesBuildPhase section */
		34A3B2C026BF38A7007BD9E0 /* Resources */ = {
			isa = PBXResourcesBuildPhase;
			buildActionMask = 2147483647;
			files = (
				34A3B2DB26BF3941007BD9E0 /* realtime.html in Resources */,
				34A3B2DC26BF3941007BD9E0 /* explorer.html in Resources */,
			);
			runOnlyForDeploymentPostprocessing = 0;
		};
/* End PBXResourcesBuildPhase section */

/* Begin PBXSourcesBuildPhase section */
		34A3B2BE26BF38A7007BD9E0 /* Sources */ = {
			isa = PBXSourcesBuildPhase;
			buildActionMask = 2147483647;
			files = (
				34A3B2D826BF393B007BD9E0 /* RealtimePlugin.swift in Sources */,
				34A3B2DA26BF393B007BD9E0 /* ExplorerPlugin.swift in Sources */,
				34A3B2D926BF393B007BD9E0 /* UserDefaultsPlugin.swift in Sources */,
				34A3B2D626BF392F007BD9E0 /* AppDelegate.swift in Sources */,
				34A3B2D726BF3931007BD9E0 /* Http.swift in Sources */,
			);
			runOnlyForDeploymentPostprocessing = 0;
		};
/* End PBXSourcesBuildPhase section */

/* Begin XCBuildConfiguration section */
		344C1C1D2367E64F00B62594 /* Debug */ = {
			isa = XCBuildConfiguration;
			buildSettings = {
				ALWAYS_SEARCH_USER_PATHS = NO;
				CLANG_ANALYZER_NONNULL = YES;
				CLANG_ANALYZER_NUMBER_OBJECT_CONVERSION = YES_AGGRESSIVE;
				CLANG_CXX_LIBRARY = "libc++";
				CLANG_ENABLE_MODULES = YES;
				CLANG_ENABLE_OBJC_ARC = YES;
				CLANG_ENABLE_OBJC_WEAK = YES;
				CLANG_WARN_BLOCK_CAPTURE_AUTORELEASING = YES;
				CLANG_WARN_BOOL_CONVERSION = YES;
				CLANG_WARN_COMMA = YES;
				CLANG_WARN_CONSTANT_CONVERSION = YES;
				CLANG_WARN_DEPRECATED_OBJC_IMPLEMENTATIONS = YES;
				CLANG_WARN_DIRECT_OBJC_ISA_USAGE = YES_ERROR;
				CLANG_WARN_DOCUMENTATION_COMMENTS = YES;
				CLANG_WARN_EMPTY_BODY = YES;
				CLANG_WARN_ENUM_CONVERSION = YES;
				CLANG_WARN_INFINITE_RECURSION = YES;
				CLANG_WARN_INT_CONVERSION = YES;
				CLANG_WARN_NON_LITERAL_NULL_CONVERSION = YES;
				CLANG_WARN_OBJC_IMPLICIT_RETAIN_SELF = YES;
				CLANG_WARN_OBJC_LITERAL_CONVERSION = YES;
				CLANG_WARN_OBJC_ROOT_CLASS = YES_ERROR;
				CLANG_WARN_QUOTED_INCLUDE_IN_FRAMEWORK_HEADER = YES;
				CLANG_WARN_RANGE_LOOP_ANALYSIS = YES;
				CLANG_WARN_STRICT_PROTOTYPES = YES;
				CLANG_WARN_SUSPICIOUS_MOVE = YES;
				CLANG_WARN_UNGUARDED_AVAILABILITY = YES_AGGRESSIVE;
				CLANG_WARN_UNREACHABLE_CODE = YES;
				CLANG_WARN__DUPLICATE_METHOD_MATCH = YES;
				COPY_PHASE_STRIP = NO;
				DEBUG_INFORMATION_FORMAT = dwarf;
				DEVELOPMENT_TEAM = 32973VC289;
				ENABLE_STRICT_OBJC_MSGSEND = YES;
				ENABLE_TESTABILITY = YES;
				ENABLE_USER_SCRIPT_SANDBOXING = YES;
				GCC_DYNAMIC_NO_PIC = NO;
				GCC_NO_COMMON_BLOCKS = YES;
				GCC_OPTIMIZATION_LEVEL = 0;
				GCC_PREPROCESSOR_DEFINITIONS = (
					"DEBUG=1",
					"$(inherited)",
				);
				GCC_WARN_64_TO_32_BIT_CONVERSION = YES;
				GCC_WARN_ABOUT_RETURN_TYPE = YES_ERROR;
				GCC_WARN_UNDECLARED_SELECTOR = YES;
				GCC_WARN_UNINITIALIZED_AUTOS = YES_AGGRESSIVE;
				GCC_WARN_UNUSED_FUNCTION = YES;
				GCC_WARN_UNUSED_VARIABLE = YES;
				INFOPLIST_FILE = Inspector/Info.plist;
				IPHONEOS_DEPLOYMENT_TARGET = 13.1;
				MTL_ENABLE_DEBUG_INFO = INCLUDE_SOURCE;
				MTL_FAST_MATH = YES;
				ONLY_ACTIVE_ARCH = YES;
				PRODUCT_BUNDLE_IDENTIFIER = br.pakerwreah.Inspector;
				SDKROOT = iphoneos;
				SWIFT_ACTIVE_COMPILATION_CONDITIONS = DEBUG;
				SWIFT_OPTIMIZATION_LEVEL = "-Onone";
			};
			name = Debug;
		};
		344C1C1E2367E64F00B62594 /* Release */ = {
			isa = XCBuildConfiguration;
			buildSettings = {
				ALWAYS_SEARCH_USER_PATHS = NO;
				CLANG_ANALYZER_NONNULL = YES;
				CLANG_ANALYZER_NUMBER_OBJECT_CONVERSION = YES_AGGRESSIVE;
				CLANG_CXX_LIBRARY = "libc++";
				CLANG_ENABLE_MODULES = YES;
				CLANG_ENABLE_OBJC_ARC = YES;
				CLANG_ENABLE_OBJC_WEAK = YES;
				CLANG_WARN_BLOCK_CAPTURE_AUTORELEASING = YES;
				CLANG_WARN_BOOL_CONVERSION = YES;
				CLANG_WARN_COMMA = YES;
				CLANG_WARN_CONSTANT_CONVERSION = YES;
				CLANG_WARN_DEPRECATED_OBJC_IMPLEMENTATIONS = YES;
				CLANG_WARN_DIRECT_OBJC_ISA_USAGE = YES_ERROR;
				CLANG_WARN_DOCUMENTATION_COMMENTS = YES;
				CLANG_WARN_EMPTY_BODY = YES;
				CLANG_WARN_ENUM_CONVERSION = YES;
				CLANG_WARN_INFINITE_RECURSION = YES;
				CLANG_WARN_INT_CONVERSION = YES;
				CLANG_WARN_NON_LITERAL_NULL_CONVERSION = YES;
				CLANG_WARN_OBJC_IMPLICIT_RETAIN_SELF = YES;
				CLANG_WARN_OBJC_LITERAL_CONVERSION = YES;
				CLANG_WARN_OBJC_ROOT_CLASS = YES_ERROR;
				CLANG_WARN_QUOTED_INCLUDE_IN_FRAMEWORK_HEADER = YES;
				CLANG_WARN_RANGE_LOOP_ANALYSIS = YES;
				CLANG_WARN_STRICT_PROTOTYPES = YES;
				CLANG_WARN_SUSPICIOUS_MOVE = YES;
				CLANG_WARN_UNGUARDED_AVAILABILITY = YES_AGGRESSIVE;
				CLANG_WARN_UNREACHABLE_CODE = YES;
				CLANG_WARN__DUPLICATE_METHOD_MATCH = YES;
				COPY_PHASE_STRIP = NO;
				DEBUG_INFORMATION_FORMAT = "dwarf-with-dsym";
				DEVELOPMENT_TEAM = 32973VC289;
				ENABLE_NS_ASSERTIONS = NO;
				ENABLE_STRICT_OBJC_MSGSEND = YES;
				ENABLE_USER_SCRIPT_SANDBOXING = YES;
				GCC_NO_COMMON_BLOCKS = YES;
				GCC_WARN_64_TO_32_BIT_CONVERSION = YES;
				GCC_WARN_ABOUT_RETURN_TYPE = YES_ERROR;
				GCC_WARN_UNDECLARED_SELECTOR = YES;
				GCC_WARN_UNINITIALIZED_AUTOS = YES_AGGRESSIVE;
				GCC_WARN_UNUSED_FUNCTION = YES;
				GCC_WARN_UNUSED_VARIABLE = YES;
				INFOPLIST_FILE = Inspector/Info.plist;
				IPHONEOS_DEPLOYMENT_TARGET = 13.1;
				MTL_ENABLE_DEBUG_INFO = NO;
				MTL_FAST_MATH = YES;
				PRODUCT_BUNDLE_IDENTIFIER = br.pakerwreah.Inspector;
				SDKROOT = iphoneos;
				SWIFT_COMPILATION_MODE = wholemodule;
				SWIFT_OPTIMIZATION_LEVEL = "-O";
				VALIDATE_PRODUCT = YES;
			};
			name = Release;
		};
		34A3B2D426BF38A9007BD9E0 /* Debug */ = {
			isa = XCBuildConfiguration;
			buildSettings = {
				CODE_SIGN_STYLE = Automatic;
				IPHONEOS_DEPLOYMENT_TARGET = 16;
				LD_RUNPATH_SEARCH_PATHS = (
					"$(inherited)",
					"@executable_path/Frameworks",
				);
				PRODUCT_NAME = "$(TARGET_NAME)";
				SWIFT_VERSION = 5.0;
			};
			name = Debug;
		};
		34A3B2D526BF38A9007BD9E0 /* Release */ = {
			isa = XCBuildConfiguration;
			buildSettings = {
				CODE_SIGN_STYLE = Automatic;
				IPHONEOS_DEPLOYMENT_TARGET = 16;
				LD_RUNPATH_SEARCH_PATHS = (
					"$(inherited)",
					"@executable_path/Frameworks",
				);
				PRODUCT_NAME = "$(TARGET_NAME)";
				SWIFT_VERSION = 5.0;
			};
			name = Release;
		};
/* End XCBuildConfiguration section */

/* Begin XCConfigurationList section */
		344C1C062367E64C00B62594 /* Build configuration list for PBXProject "Inspector" */ = {
			isa = XCConfigurationList;
			buildConfigurations = (
				344C1C1D2367E64F00B62594 /* Debug */,
				344C1C1E2367E64F00B62594 /* Release */,
			);
			defaultConfigurationIsVisible = 0;
			defaultConfigurationName = Release;
		};
		34A3B2D326BF38A9007BD9E0 /* Build configuration list for PBXNativeTarget "Inspector" */ = {
			isa = XCConfigurationList;
			buildConfigurations = (
				34A3B2D426BF38A9007BD9E0 /* Debug */,
				34A3B2D526BF38A9007BD9E0 /* Release */,
			);
			defaultConfigurationIsVisible = 0;
			defaultConfigurationName = Release;
		};
/* End XCConfigurationList section */

/* Begin XCLocalSwiftPackageReference section */
		34E51EF72EE4A1250005F0FB /* XCLocalSwiftPackageReference "../../Inspector" */ = {
			isa = XCLocalSwiftPackageReference;
			relativePath = ../../Inspector;
		};
/* End XCLocalSwiftPackageReference section */

/* Begin XCSwiftPackageProductDependency section */
		34E51EFA2EE4A4630005F0FB /* IOSInspector */ = {
			isa = XCSwiftPackageProductDependency;
			package = 34E51EF72EE4A1250005F0FB /* XCLocalSwiftPackageReference "../../Inspector" */;
			productName = IOSInspector;
		};
/* End XCSwiftPackageProductDependency section */
	};
	rootObject = 344C1C032367E64C00B62594 /* Project object */;
}
