PODS:
  - Inspector (1.0.0)

DEPENDENCIES:
  - "Inspector (from `git@gitlab.com:paker_wreah/Inspector/Inspector.git`)"

EXTERNAL SOURCES:
  Inspector:
    :git: "git@gitlab.com:paker_wreah/Inspector/Inspector.git"

CHECKOUT OPTIONS:
  Inspector:
    :commit: 1d9e49dbf421a92447c869c71381e43dd267d53d
    :git: "git@gitlab.com:paker_wreah/Inspector/Inspector.git"

SPEC CHECKSUMS:
  Inspector: 12b91bcefdcd4b4bdbd94090a3e3599bc99dae7f

PODFILE CHECKSUM: fd36a7591d0a11b696f151430412a7fbb7b3e6cf

COCOAPODS: 1.8.4
